
Microsoft Visual Studio Solution File, Format Version 12.00
# Visual Studio Version 17
VisualStudioVersion = 17.8.34525.116
MinimumVisualStudioVersion = 10.0.40219.1
Project("{9A19103F-16F7-4668-BE54-9A1E7A4F7556}") = "Projet_Final_CSharp_LineLamer", "Projet Final C#_LineLamer\Projet_Final_CSharp_LineLamer.csproj", "{9C3F13D6-5E42-4E40-974D-159076EB83B6}"
EndProject
Project("{9A19103F-16F7-4668-BE54-9A1E7A4F7556}") = "MaLibrairie", "MaLibrairie\MaLibrairie.csproj", "{4A26A6B2-05FA-4FF0-ACA8-7C72CF7DFAC8}"
EndProject
Global
	GlobalSection(SolutionConfigurationPlatforms) = preSolution
		Debug|Any CPU = Debug|Any CPU
		Release|Any CPU = Release|Any CPU
	EndGlobalSection
	GlobalSection(ProjectConfigurationPlatforms) = postSolution
		{9C3F13D6-5E42-4E40-974D-159076EB83B6}.Debug|Any CPU.ActiveCfg = Debug|Any CPU
		{9C3F13D6-5E42-4E40-974D-159076EB83B6}.Debug|Any CPU.Build.0 = Debug|Any CPU
		{9C3F13D6-5E42-4E40-974D-159076EB83B6}.Release|Any CPU.ActiveCfg = Release|Any CPU
		{9C3F13D6-5E42-4E40-974D-159076EB83B6}.Release|Any CPU.Build.0 = Release|Any CPU
		{4A26A6B2-05FA-4FF0-ACA8-7C72CF7DFAC8}.Debug|Any CPU.ActiveCfg = Debug|Any CPU
		{4A26A6B2-05FA-4FF0-ACA8-7C72CF7DFAC8}.Debug|Any CPU.Build.0 = Debug|Any CPU
		{4A26A6B2-05FA-4FF0-ACA8-7C72CF7DFAC8}.Release|Any CPU.ActiveCfg = Release|Any CPU
		{4A26A6B2-05FA-4FF0-ACA8-7C72CF7DFAC8}.Release|Any CPU.Build.0 = Release|Any CPU
	EndGlobalSection
	GlobalSection(SolutionProperties) = preSolution
		HideSolutionNode = FALSE
	EndGlobalSection
	GlobalSection(ExtensibilityGlobals) = postSolution
		SolutionGuid = {EAE00E06-940B-4795-B467-9F1EFB0BEE49}
	EndGlobalSection
EndGlobal
